
Microsoft Visual Studio Solution File, Format Version 12.00
# Visual Studio Version 17
VisualStudioVersion = 17.11.35222.181
MinimumVisualStudioVersion = 10.0.40219.1
Project("{FAE04EC0-301F-11D3-BF4B-00C04F79EFBC}") = "Project", "Project\Project.csproj", "{C8D0C411-A12B-4B7F-842A-48198330D74D}"
EndProject
Global
	GlobalSection(SolutionConfigurationPlatforms) = preSolution
		Debug|Any CPU = Debug|Any CPU
		Release|Any CPU = Release|Any CPU
	EndGlobalSection
	GlobalSection(ProjectConfigurationPlatforms) = postSolution
		{C8D0C411-A12B-4B7F-842A-48198330D74D}.Debug|Any CPU.ActiveCfg = Debug|Any CPU
		{C8D0C411-A12B-4B7F-842A-48198330D74D}.Debug|Any CPU.Build.0 = Debug|Any CPU
		{C8D0C411-A12B-4B7F-842A-48198330D74D}.Release|Any CPU.ActiveCfg = Release|Any CPU
		{C8D0C411-A12B-4B7F-842A-48198330D74D}.Release|Any CPU.Build.0 = Release|Any CPU
	EndGlobalSection
	GlobalSection(SolutionProperties) = preSolution
		HideSolutionNode = FALSE
	EndGlobalSection
	GlobalSection(ExtensibilityGlobals) = postSolution
		SolutionGuid = {0A50E8E9-84D4-4692-AD50-90CB45D82FC1}
	EndGlobalSection
EndGlobal
